
Microsoft Visual Studio Solution File, Format Version 12.00
# Visual Studio Version 17
VisualStudioVersion = 17.11.35327.3
MinimumVisualStudioVersion = 10.0.40219.1
Project("{9A19103F-16F7-4668-BE54-9A1E7A4F7556}") = "Api.HealthMed", "Api.HealthMed.csproj", "{F99EFDCE-177A-4267-B6F9-3ECF0D0EA372}"
EndProject
Project("{2150E333-8FDC-42A3-9474-1A3956D46DE8}") = "src", "src", "{651DB9D6-B3FB-45F5-920B-D8C4813811FA}"
EndProject
Project("{2150E333-8FDC-42A3-9474-1A3956D46DE8}") = "test", "test", "{38D3B494-DF37-4242-AF42-FEF03B489CFD}"
EndProject
Project("{FAE04EC0-301F-11D3-BF4B-00C04F79EFBC}") = "Api.HealthMed.Model", "..\Api.HealthMed.Model\Api.HealthMed.Model.csproj", "{AC862A4F-3258-4100-B529-07343848154D}"
EndProject
Project("{FAE04EC0-301F-11D3-BF4B-00C04F79EFBC}") = "TestProject1", "..\..\test\TestProject1\TestProject1.csproj", "{4A766536-1D7C-4A0C-916C-CEE1E70666CC}"
EndProject
Global
	GlobalSection(SolutionConfigurationPlatforms) = preSolution
		Debug|Any CPU = Debug|Any CPU
		Release|Any CPU = Release|Any CPU
	EndGlobalSection
	GlobalSection(ProjectConfigurationPlatforms) = postSolution
		{F99EFDCE-177A-4267-B6F9-3ECF0D0EA372}.Debug|Any CPU.ActiveCfg = Debug|Any CPU
		{F99EFDCE-177A-4267-B6F9-3ECF0D0EA372}.Debug|Any CPU.Build.0 = Debug|Any CPU
		{F99EFDCE-177A-4267-B6F9-3ECF0D0EA372}.Release|Any CPU.ActiveCfg = Release|Any CPU
		{F99EFDCE-177A-4267-B6F9-3ECF0D0EA372}.Release|Any CPU.Build.0 = Release|Any CPU
		{AC862A4F-3258-4100-B529-07343848154D}.Debug|Any CPU.ActiveCfg = Debug|Any CPU
		{AC862A4F-3258-4100-B529-07343848154D}.Debug|Any CPU.Build.0 = Debug|Any CPU
		{AC862A4F-3258-4100-B529-07343848154D}.Release|Any CPU.ActiveCfg = Release|Any CPU
		{AC862A4F-3258-4100-B529-07343848154D}.Release|Any CPU.Build.0 = Release|Any CPU
		{4A766536-1D7C-4A0C-916C-CEE1E70666CC}.Debug|Any CPU.ActiveCfg = Debug|Any CPU
		{4A766536-1D7C-4A0C-916C-CEE1E70666CC}.Debug|Any CPU.Build.0 = Debug|Any CPU
		{4A766536-1D7C-4A0C-916C-CEE1E70666CC}.Release|Any CPU.ActiveCfg = Release|Any CPU
		{4A766536-1D7C-4A0C-916C-CEE1E70666CC}.Release|Any CPU.Build.0 = Release|Any CPU
	EndGlobalSection
	GlobalSection(SolutionProperties) = preSolution
		HideSolutionNode = FALSE
	EndGlobalSection
	GlobalSection(NestedProjects) = preSolution
		{F99EFDCE-177A-4267-B6F9-3ECF0D0EA372} = {651DB9D6-B3FB-45F5-920B-D8C4813811FA}
		{AC862A4F-3258-4100-B529-07343848154D} = {651DB9D6-B3FB-45F5-920B-D8C4813811FA}
		{4A766536-1D7C-4A0C-916C-CEE1E70666CC} = {38D3B494-DF37-4242-AF42-FEF03B489CFD}
	EndGlobalSection
	GlobalSection(ExtensibilityGlobals) = postSolution
		SolutionGuid = {CD51AF32-DBF0-439B-9567-F612B08CE27B}
	EndGlobalSection
EndGlobal
