
Microsoft Visual Studio Solution File, Format Version 12.00
# Visual Studio Version 17
VisualStudioVersion = 17.11.35327.3
MinimumVisualStudioVersion = 10.0.40219.1
Project("{9A19103F-16F7-4668-BE54-9A1E7A4F7556}") = "Api.HealthMed", "src\Api.HealthMed\Api.HealthMed.csproj", "{5838D2C5-A4F2-47A0-B5AF-EE1F0274E503}"
EndProject
Project("{9A19103F-16F7-4668-BE54-9A1E7A4F7556}") = "Api.HealthMed.Services", "src\Api.HealthMed.Services\Api.HealthMed.Services.csproj", "{E1C121DD-5CBD-421C-BF69-2769C1BFB2F7}"
EndProject
Project("{9A19103F-16F7-4668-BE54-9A1E7A4F7556}") = "Api.HealthMed.Model", "src\Api.HealthMed.Model\Api.HealthMed.Model.csproj", "{B025D8E6-B0E8-44B6-AD66-A902F7B7523B}"
EndProject
Project("{9A19103F-16F7-4668-BE54-9A1E7A4F7556}") = "Api.HealthMed.Infrastructure", "src\Api.HealthMed.Infrastructure\Api.HealthMed.Infrastructure.csproj", "{A791F47E-D0B5-47BA-9525-FBDD9D671CD2}"
EndProject
Project("{9A19103F-16F7-4668-BE54-9A1E7A4F7556}") = "Api.HealthMed.DependencyInjection", "src\Api.HealthMed.DependencyInjection\Api.HealthMed.DependencyInjection.csproj", "{91530318-86E9-4134-81BC-C4DAB6F1B1FB}"
EndProject
Project("{9A19103F-16F7-4668-BE54-9A1E7A4F7556}") = "Api.HealthMed.Helpers", "src\Api.HealthMed.Helpers\Api.HealthMed.Helpers.csproj", "{5DF4F6C4-2D77-4E67-A923-8EA5DCEEAD69}"
EndProject
Global
	GlobalSection(SolutionConfigurationPlatforms) = preSolution
		Debug|Any CPU = Debug|Any CPU
		Release|Any CPU = Release|Any CPU
	EndGlobalSection
	GlobalSection(ProjectConfigurationPlatforms) = postSolution
		{5838D2C5-A4F2-47A0-B5AF-EE1F0274E503}.Debug|Any CPU.ActiveCfg = Debug|Any CPU
		{5838D2C5-A4F2-47A0-B5AF-EE1F0274E503}.Debug|Any CPU.Build.0 = Debug|Any CPU
		{5838D2C5-A4F2-47A0-B5AF-EE1F0274E503}.Release|Any CPU.ActiveCfg = Release|Any CPU
		{5838D2C5-A4F2-47A0-B5AF-EE1F0274E503}.Release|Any CPU.Build.0 = Release|Any CPU
		{E1C121DD-5CBD-421C-BF69-2769C1BFB2F7}.Debug|Any CPU.ActiveCfg = Debug|Any CPU
		{E1C121DD-5CBD-421C-BF69-2769C1BFB2F7}.Debug|Any CPU.Build.0 = Debug|Any CPU
		{E1C121DD-5CBD-421C-BF69-2769C1BFB2F7}.Release|Any CPU.ActiveCfg = Release|Any CPU
		{E1C121DD-5CBD-421C-BF69-2769C1BFB2F7}.Release|Any CPU.Build.0 = Release|Any CPU
		{B025D8E6-B0E8-44B6-AD66-A902F7B7523B}.Debug|Any CPU.ActiveCfg = Debug|Any CPU
		{B025D8E6-B0E8-44B6-AD66-A902F7B7523B}.Debug|Any CPU.Build.0 = Debug|Any CPU
		{B025D8E6-B0E8-44B6-AD66-A902F7B7523B}.Release|Any CPU.ActiveCfg = Release|Any CPU
		{B025D8E6-B0E8-44B6-AD66-A902F7B7523B}.Release|Any CPU.Build.0 = Release|Any CPU
		{A791F47E-D0B5-47BA-9525-FBDD9D671CD2}.Debug|Any CPU.ActiveCfg = Debug|Any CPU
		{A791F47E-D0B5-47BA-9525-FBDD9D671CD2}.Debug|Any CPU.Build.0 = Debug|Any CPU
		{A791F47E-D0B5-47BA-9525-FBDD9D671CD2}.Release|Any CPU.ActiveCfg = Release|Any CPU
		{A791F47E-D0B5-47BA-9525-FBDD9D671CD2}.Release|Any CPU.Build.0 = Release|Any CPU
		{91530318-86E9-4134-81BC-C4DAB6F1B1FB}.Debug|Any CPU.ActiveCfg = Debug|Any CPU
		{91530318-86E9-4134-81BC-C4DAB6F1B1FB}.Debug|Any CPU.Build.0 = Debug|Any CPU
		{91530318-86E9-4134-81BC-C4DAB6F1B1FB}.Release|Any CPU.ActiveCfg = Release|Any CPU
		{91530318-86E9-4134-81BC-C4DAB6F1B1FB}.Release|Any CPU.Build.0 = Release|Any CPU
		{5DF4F6C4-2D77-4E67-A923-8EA5DCEEAD69}.Debug|Any CPU.ActiveCfg = Debug|Any CPU
		{5DF4F6C4-2D77-4E67-A923-8EA5DCEEAD69}.Debug|Any CPU.Build.0 = Debug|Any CPU
		{5DF4F6C4-2D77-4E67-A923-8EA5DCEEAD69}.Release|Any CPU.ActiveCfg = Release|Any CPU
		{5DF4F6C4-2D77-4E67-A923-8EA5DCEEAD69}.Release|Any CPU.Build.0 = Release|Any CPU
	EndGlobalSection
	GlobalSection(SolutionProperties) = preSolution
		HideSolutionNode = FALSE
	EndGlobalSection
	GlobalSection(ExtensibilityGlobals) = postSolution
		SolutionGuid = {CD51AF32-DBF0-439B-9567-F612B08CE27B}
	EndGlobalSection
EndGlobal
